{
  "name": "html-chat",
  "requires": true,
  "lockfileVersion": 1,
  "dependencies": {
    "jquery-mousewheel": {
      "version": "3.1.13",
      "resolved": "https://registry.npmjs.org/jquery-mousewheel/-/jquery-mousewheel-3.1.13.tgz",
      "integrity": "sha1-BvAzXxbjU6aV5yBr9QUDy1I6buU="
    },
    "malihu-custom-scrollbar-plugin": {
      "version": "github:LFP6/malihu-custom-scrollbar-plugin#1ced237611436154ad6ac35434b03e23e7c5fb21",
      "requires": {
        "jquery-mousewheel": "3.1.13"
      }
    }
  }
}
